
Microsoft Visual Studio Solution File, Format Version 12.00
# Visual Studio Version 17
VisualStudioVersion = 17.14.36811.4 d17.14
MinimumVisualStudioVersion = 10.0.40219.1
Project("{FAE04EC0-301F-11D3-BF4B-00C04F79EFBC}") = "ManufacturingTimeTracking", "ManufacturingTimeTracking.csproj", "{0472FDAE-DE0A-408D-1811-AF5E1FA910FD}"
EndProject
Global
	GlobalSection(SolutionConfigurationPlatforms) = preSolution
		Debug|Any CPU = Debug|Any CPU
		Release|Any CPU = Release|Any CPU
	EndGlobalSection
	GlobalSection(ProjectConfigurationPlatforms) = postSolution
		{0472FDAE-DE0A-408D-1811-AF5E1FA910FD}.Debug|Any CPU.ActiveCfg = Debug|Any CPU
		{0472FDAE-DE0A-408D-1811-AF5E1FA910FD}.Debug|Any CPU.Build.0 = Debug|Any CPU
		{0472FDAE-DE0A-408D-1811-AF5E1FA910FD}.Release|Any CPU.ActiveCfg = Release|Any CPU
		{0472FDAE-DE0A-408D-1811-AF5E1FA910FD}.Release|Any CPU.Build.0 = Release|Any CPU
	EndGlobalSection
	GlobalSection(SolutionProperties) = preSolution
		HideSolutionNode = FALSE
	EndGlobalSection
	GlobalSection(ExtensibilityGlobals) = postSolution
		SolutionGuid = {9B00D7B6-77ED-43CE-8285-00535213C5C4}
	EndGlobalSection
EndGlobal
